// !$*UTF8*$!
{
	archiveVersion = 1;
	classes = {
	};
	objectVersion = 50;
	objects = {

/* Begin PBXBuildFile section */
		753F091C61D27A8A1CDAC4CA /* Pods_SaveOurFoodTests.framework in Frameworks */ = {isa = PBXBuildFile; fileRef = 764DF9FE6FCB4A766AF7B777 /* Pods_SaveOurFoodTests.framework */; };
		7B1AD69E81AFB5D4090B582F /* Pods_SaveOurFoodUITests.framework in Frameworks */ = {isa = PBXBuildFile; fileRef = 50F8F2FB67D96E32132A0783 /* Pods_SaveOurFoodUITests.framework */; };
		D6C1FB7388EABA41C584A17C /* Pods_SaveOurFood.framework in Frameworks */ = {isa = PBXBuildFile; fileRef = 0BE9002B86A3318E4D14EF35 /* Pods_SaveOurFood.framework */; };
		E24111F021C36C07008E1108 /* TabBarViewController.swift in Sources */ = {isa = PBXBuildFile; fileRef = E24111EF21C36C07008E1108 /* TabBarViewController.swift */; };
		E24111F221C36C32008E1108 /* NavigationViewController.swift in Sources */ = {isa = PBXBuildFile; fileRef = E24111F121C36C32008E1108 /* NavigationViewController.swift */; };
		E24111F421C3906D008E1108 /* FoodItemRequest.swift in Sources */ = {isa = PBXBuildFile; fileRef = E24111F321C3906D008E1108 /* FoodItemRequest.swift */; };
		E24111F621C39D20008E1108 /* RequestDetailsView.swift in Sources */ = {isa = PBXBuildFile; fileRef = E24111F521C39D20008E1108 /* RequestDetailsView.swift */; };
		E24111F921C3B091008E1108 /* food-small.png in Resources */ = {isa = PBXBuildFile; fileRef = E24111F721C3B08F008E1108 /* food-small.png */; };
		E24111FA21C3B091008E1108 /* food-medium.png in Resources */ = {isa = PBXBuildFile; fileRef = E24111F821C3B08F008E1108 /* food-medium.png */; };
		E24111FD21C3B188008E1108 /* ManageAccountViewController.swift in Sources */ = {isa = PBXBuildFile; fileRef = E24111FC21C3B188008E1108 /* ManageAccountViewController.swift */; };
		E2AF90C321C0CCF9002BCC8A /* UserLoginViewController.swift in Sources */ = {isa = PBXBuildFile; fileRef = E2AF90C221C0CCF9002BCC8A /* UserLoginViewController.swift */; };
		E2AF90C921C0EA4F002BCC8A /* UserPlaceRequestViewController.swift in Sources */ = {isa = PBXBuildFile; fileRef = E2AF90C821C0EA4F002BCC8A /* UserPlaceRequestViewController.swift */; };
		E2AF90CB21C0ED9C002BCC8A /* UserAnalyticsViewController.swift in Sources */ = {isa = PBXBuildFile; fileRef = E2AF90CA21C0ED9C002BCC8A /* UserAnalyticsViewController.swift */; };
		E2AF90CD21C178EF002BCC8A /* UserStatusViewController.swift in Sources */ = {isa = PBXBuildFile; fileRef = E2AF90CC21C178EF002BCC8A /* UserStatusViewController.swift */; };
		E2AF90CF21C17941002BCC8A /* UserAccountsViewController.swift in Sources */ = {isa = PBXBuildFile; fileRef = E2AF90CE21C17941002BCC8A /* UserAccountsViewController.swift */; };
		E2AF90E421C1D26C002BCC8A /* FoodItems.swift in Sources */ = {isa = PBXBuildFile; fileRef = E2AF90E321C1D26C002BCC8A /* FoodItems.swift */; };
		E2AF90ED21C1D4A5002BCC8A /* cooked_meat.jpg in Resources */ = {isa = PBXBuildFile; fileRef = E2AF90E721C1D4A5002BCC8A /* cooked_meat.jpg */; };
		E2AF90EE21C1D4A5002BCC8A /* raw_veggies.jpg in Resources */ = {isa = PBXBuildFile; fileRef = E2AF90E821C1D4A5002BCC8A /* raw_veggies.jpg */; };
		E2AF90EF21C1D4A5002BCC8A /* raw_poultry.jpeg in Resources */ = {isa = PBXBuildFile; fileRef = E2AF90E921C1D4A5002BCC8A /* raw_poultry.jpeg */; };
		E2AF90F021C1D4A5002BCC8A /* raw_meat.jpeg in Resources */ = {isa = PBXBuildFile; fileRef = E2AF90EA21C1D4A5002BCC8A /* raw_meat.jpeg */; };
		E2AF90F121C1D4A5002BCC8A /* cooked_poultry.jpg in Resources */ = {isa = PBXBuildFile; fileRef = E2AF90EB21C1D4A5002BCC8A /* cooked_poultry.jpg */; };
		E2AF90F221C1D4A5002BCC8A /* cooked_veggies.jpg in Resources */ = {isa = PBXBuildFile; fileRef = E2AF90EC21C1D4A5002BCC8A /* cooked_veggies.jpg */; };
		E2AF90F521C1D93C002BCC8A /* account-medium.png in Resources */ = {isa = PBXBuildFile; fileRef = E2AF90F321C1D93B002BCC8A /* account-medium.png */; };
		E2AF90F621C1D93C002BCC8A /* account-small.png in Resources */ = {isa = PBXBuildFile; fileRef = E2AF90F421C1D93B002BCC8A /* account-small.png */; };
		E2AF90F921C1D94A002BCC8A /* analytics-medium.png in Resources */ = {isa = PBXBuildFile; fileRef = E2AF90F721C1D94A002BCC8A /* analytics-medium.png */; };
		E2AF90FA21C1D94A002BCC8A /* analytics-small.png in Resources */ = {isa = PBXBuildFile; fileRef = E2AF90F821C1D94A002BCC8A /* analytics-small.png */; };
		E2AF90FD21C1D955002BCC8A /* status-medium.png in Resources */ = {isa = PBXBuildFile; fileRef = E2AF90FB21C1D955002BCC8A /* status-medium.png */; };
		E2AF90FE21C1D955002BCC8A /* status-small.png in Resources */ = {isa = PBXBuildFile; fileRef = E2AF90FC21C1D955002BCC8A /* status-small.png */; };
		E2AF910121C1D961002BCC8A /* pickup-small.png in Resources */ = {isa = PBXBuildFile; fileRef = E2AF90FF21C1D961002BCC8A /* pickup-small.png */; };
		E2AF910221C1D961002BCC8A /* pickup-medium.png in Resources */ = {isa = PBXBuildFile; fileRef = E2AF910021C1D961002BCC8A /* pickup-medium.png */; };
		E2AF910421C1DDA2002BCC8A /* SelectItemsViewController.swift in Sources */ = {isa = PBXBuildFile; fileRef = E2AF910321C1DDA2002BCC8A /* SelectItemsViewController.swift */; };
		E2AF910621C1DF4A002BCC8A /* ConfirmPickUpViewController.swift in Sources */ = {isa = PBXBuildFile; fileRef = E2AF910521C1DF4A002BCC8A /* ConfirmPickUpViewController.swift */; };
		E2AF910921C2D936002BCC8A /* User.swift in Sources */ = {isa = PBXBuildFile; fileRef = E2AF910821C2D936002BCC8A /* User.swift */; };
		E2C3DA7A21BF875A0064648E /* AppDelegate.swift in Sources */ = {isa = PBXBuildFile; fileRef = E2C3DA7921BF875A0064648E /* AppDelegate.swift */; };
		E2C3DA7C21BF875A0064648E /* ViewController.swift in Sources */ = {isa = PBXBuildFile; fileRef = E2C3DA7B21BF875A0064648E /* ViewController.swift */; };
		E2C3DA7F21BF875A0064648E /* Main.storyboard in Resources */ = {isa = PBXBuildFile; fileRef = E2C3DA7D21BF875A0064648E /* Main.storyboard */; };
		E2C3DA8121BF875C0064648E /* Assets.xcassets in Resources */ = {isa = PBXBuildFile; fileRef = E2C3DA8021BF875C0064648E /* Assets.xcassets */; };
		E2C3DA8421BF875C0064648E /* LaunchScreen.storyboard in Resources */ = {isa = PBXBuildFile; fileRef = E2C3DA8221BF875C0064648E /* LaunchScreen.storyboard */; };
		E2C3DA8F21BF875C0064648E /* SaveOurFoodTests.swift in Sources */ = {isa = PBXBuildFile; fileRef = E2C3DA8E21BF875C0064648E /* SaveOurFoodTests.swift */; };
		E2C3DA9A21BF875C0064648E /* SaveOurFoodUITests.swift in Sources */ = {isa = PBXBuildFile; fileRef = E2C3DA9921BF875C0064648E /* SaveOurFoodUITests.swift */; };
/* End PBXBuildFile section */

/* Begin PBXContainerItemProxy section */
		E2C3DA8B21BF875C0064648E /* PBXContainerItemProxy */ = {
			isa = PBXContainerItemProxy;
			containerPortal = E2C3DA6E21BF875A0064648E /* Project object */;
			proxyType = 1;
			remoteGlobalIDString = E2C3DA7521BF875A0064648E;
			remoteInfo = SaveOurFood;
		};
		E2C3DA9621BF875C0064648E /* PBXContainerItemProxy */ = {
			isa = PBXContainerItemProxy;
			containerPortal = E2C3DA6E21BF875A0064648E /* Project object */;
			proxyType = 1;
			remoteGlobalIDString = E2C3DA7521BF875A0064648E;
			remoteInfo = SaveOurFood;
		};
/* End PBXContainerItemProxy section */

/* Begin PBXFileReference section */
		0BE9002B86A3318E4D14EF35 /* Pods_SaveOurFood.framework */ = {isa = PBXFileReference; explicitFileType = wrapper.framework; includeInIndex = 0; path = Pods_SaveOurFood.framework; sourceTree = BUILT_PRODUCTS_DIR; };
		416706923F3BA4BD0BCCC97B /* Pods-SaveOurFood.release.xcconfig */ = {isa = PBXFileReference; includeInIndex = 1; lastKnownFileType = text.xcconfig; name = "Pods-SaveOurFood.release.xcconfig"; path = "Pods/Target Support Files/Pods-SaveOurFood/Pods-SaveOurFood.release.xcconfig"; sourceTree = "<group>"; };
		50F8F2FB67D96E32132A0783 /* Pods_SaveOurFoodUITests.framework */ = {isa = PBXFileReference; explicitFileType = wrapper.framework; includeInIndex = 0; path = Pods_SaveOurFoodUITests.framework; sourceTree = BUILT_PRODUCTS_DIR; };
		577FB8A71F7D252B27DAB7B3 /* Pods-SaveOurFoodUITests.debug.xcconfig */ = {isa = PBXFileReference; includeInIndex = 1; lastKnownFileType = text.xcconfig; name = "Pods-SaveOurFoodUITests.debug.xcconfig"; path = "Pods/Target Support Files/Pods-SaveOurFoodUITests/Pods-SaveOurFoodUITests.debug.xcconfig"; sourceTree = "<group>"; };
		5B4FB7D61E3AFA63E57CCEF1 /* Pods-SaveOurFood.debug.xcconfig */ = {isa = PBXFileReference; includeInIndex = 1; lastKnownFileType = text.xcconfig; name = "Pods-SaveOurFood.debug.xcconfig"; path = "Pods/Target Support Files/Pods-SaveOurFood/Pods-SaveOurFood.debug.xcconfig"; sourceTree = "<group>"; };
		764DF9FE6FCB4A766AF7B777 /* Pods_SaveOurFoodTests.framework */ = {isa = PBXFileReference; explicitFileType = wrapper.framework; includeInIndex = 0; path = Pods_SaveOurFoodTests.framework; sourceTree = BUILT_PRODUCTS_DIR; };
		8BC4CC429D95A7F7F484CD55 /* Pods-SaveOurFoodTests.release.xcconfig */ = {isa = PBXFileReference; includeInIndex = 1; lastKnownFileType = text.xcconfig; name = "Pods-SaveOurFoodTests.release.xcconfig"; path = "Pods/Target Support Files/Pods-SaveOurFoodTests/Pods-SaveOurFoodTests.release.xcconfig"; sourceTree = "<group>"; };
		C79904DDA12A7D28785A14FA /* Pods-SaveOurFoodTests.debug.xcconfig */ = {isa = PBXFileReference; includeInIndex = 1; lastKnownFileType = text.xcconfig; name = "Pods-SaveOurFoodTests.debug.xcconfig"; path = "Pods/Target Support Files/Pods-SaveOurFoodTests/Pods-SaveOurFoodTests.debug.xcconfig"; sourceTree = "<group>"; };
		E24111EF21C36C07008E1108 /* TabBarViewController.swift */ = {isa = PBXFileReference; lastKnownFileType = sourcecode.swift; path = TabBarViewController.swift; sourceTree = "<group>"; };
		E24111F121C36C32008E1108 /* NavigationViewController.swift */ = {isa = PBXFileReference; lastKnownFileType = sourcecode.swift; path = NavigationViewController.swift; sourceTree = "<group>"; };
		E24111F321C3906D008E1108 /* FoodItemRequest.swift */ = {isa = PBXFileReference; lastKnownFileType = sourcecode.swift; path = FoodItemRequest.swift; sourceTree = "<group>"; };
		E24111F521C39D20008E1108 /* RequestDetailsView.swift */ = {isa = PBXFileReference; lastKnownFileType = sourcecode.swift; path = RequestDetailsView.swift; sourceTree = "<group>"; };
		E24111F721C3B08F008E1108 /* food-small.png */ = {isa = PBXFileReference; lastKnownFileType = image.png; name = "food-small.png"; path = "../../../../../Downloads/Ingredients-24-48px/food-small.png"; sourceTree = "<group>"; };
		E24111F821C3B08F008E1108 /* food-medium.png */ = {isa = PBXFileReference; lastKnownFileType = image.png; name = "food-medium.png"; path = "../../../../../Downloads/Ingredients-24-48px/food-medium.png"; sourceTree = "<group>"; };
		E24111FC21C3B188008E1108 /* ManageAccountViewController.swift */ = {isa = PBXFileReference; lastKnownFileType = sourcecode.swift; path = ManageAccountViewController.swift; sourceTree = "<group>"; };
		E2AF90C221C0CCF9002BCC8A /* UserLoginViewController.swift */ = {isa = PBXFileReference; lastKnownFileType = sourcecode.swift; path = UserLoginViewController.swift; sourceTree = "<group>"; };
		E2AF90C821C0EA4F002BCC8A /* UserPlaceRequestViewController.swift */ = {isa = PBXFileReference; lastKnownFileType = sourcecode.swift; path = UserPlaceRequestViewController.swift; sourceTree = "<group>"; };
		E2AF90CA21C0ED9C002BCC8A /* UserAnalyticsViewController.swift */ = {isa = PBXFileReference; lastKnownFileType = sourcecode.swift; path = UserAnalyticsViewController.swift; sourceTree = "<group>"; };
		E2AF90CC21C178EF002BCC8A /* UserStatusViewController.swift */ = {isa = PBXFileReference; lastKnownFileType = sourcecode.swift; path = UserStatusViewController.swift; sourceTree = "<group>"; };
		E2AF90CE21C17941002BCC8A /* UserAccountsViewController.swift */ = {isa = PBXFileReference; lastKnownFileType = sourcecode.swift; path = UserAccountsViewController.swift; sourceTree = "<group>"; };
		E2AF90E321C1D26C002BCC8A /* FoodItems.swift */ = {isa = PBXFileReference; lastKnownFileType = sourcecode.swift; path = FoodItems.swift; sourceTree = "<group>"; };
		E2AF90E721C1D4A5002BCC8A /* cooked_meat.jpg */ = {isa = PBXFileReference; lastKnownFileType = image.jpeg; name = cooked_meat.jpg; path = ../../../../../Downloads/cooked_meat.jpg; sourceTree = "<group>"; };
		E2AF90E821C1D4A5002BCC8A /* raw_veggies.jpg */ = {isa = PBXFileReference; lastKnownFileType = image.jpeg; name = raw_veggies.jpg; path = ../../../../../Downloads/raw_veggies.jpg; sourceTree = "<group>"; };
		E2AF90E921C1D4A5002BCC8A /* raw_poultry.jpeg */ = {isa = PBXFileReference; lastKnownFileType = image.jpeg; name = raw_poultry.jpeg; path = ../../../../../Downloads/raw_poultry.jpeg; sourceTree = "<group>"; };
		E2AF90EA21C1D4A5002BCC8A /* raw_meat.jpeg */ = {isa = PBXFileReference; lastKnownFileType = image.jpeg; name = raw_meat.jpeg; path = ../../../../../Downloads/raw_meat.jpeg; sourceTree = "<group>"; };
		E2AF90EB21C1D4A5002BCC8A /* cooked_poultry.jpg */ = {isa = PBXFileReference; lastKnownFileType = image.jpeg; name = cooked_poultry.jpg; path = ../../../../../Downloads/cooked_poultry.jpg; sourceTree = "<group>"; };
		E2AF90EC21C1D4A5002BCC8A /* cooked_veggies.jpg */ = {isa = PBXFileReference; lastKnownFileType = image.jpeg; name = cooked_veggies.jpg; path = ../../../../../Downloads/cooked_veggies.jpg; sourceTree = "<group>"; };
		E2AF90F321C1D93B002BCC8A /* account-medium.png */ = {isa = PBXFileReference; lastKnownFileType = image.png; name = "account-medium.png"; path = "../../../../../Downloads/Account-24-48px/account-medium.png"; sourceTree = "<group>"; };
		E2AF90F421C1D93B002BCC8A /* account-small.png */ = {isa = PBXFileReference; lastKnownFileType = image.png; name = "account-small.png"; path = "../../../../../Downloads/Account-24-48px/account-small.png"; sourceTree = "<group>"; };
		E2AF90F721C1D94A002BCC8A /* analytics-medium.png */ = {isa = PBXFileReference; lastKnownFileType = image.png; name = "analytics-medium.png"; path = "../../../../../Downloads/Combo Chart-24-48px/analytics-medium.png"; sourceTree = "<group>"; };
		E2AF90F821C1D94A002BCC8A /* analytics-small.png */ = {isa = PBXFileReference; lastKnownFileType = image.png; name = "analytics-small.png"; path = "../../../../../Downloads/Combo Chart-24-48px/analytics-small.png"; sourceTree = "<group>"; };
		E2AF90FB21C1D955002BCC8A /* status-medium.png */ = {isa = PBXFileReference; lastKnownFileType = image.png; name = "status-medium.png"; path = "../../../../../Downloads/Schedule Filled-50-25px/status-medium.png"; sourceTree = "<group>"; };
		E2AF90FC21C1D955002BCC8A /* status-small.png */ = {isa = PBXFileReference; lastKnownFileType = image.png; name = "status-small.png"; path = "../../../../../Downloads/Schedule Filled-50-25px/status-small.png"; sourceTree = "<group>"; };
		E2AF90FF21C1D961002BCC8A /* pickup-small.png */ = {isa = PBXFileReference; lastKnownFileType = image.png; name = "pickup-small.png"; path = "../../../../../Downloads/Pickup-24-48-100px/pickup-small.png"; sourceTree = "<group>"; };
		E2AF910021C1D961002BCC8A /* pickup-medium.png */ = {isa = PBXFileReference; lastKnownFileType = image.png; name = "pickup-medium.png"; path = "../../../../../Downloads/Pickup-24-48-100px/pickup-medium.png"; sourceTree = "<group>"; };
		E2AF910321C1DDA2002BCC8A /* SelectItemsViewController.swift */ = {isa = PBXFileReference; lastKnownFileType = sourcecode.swift; path = SelectItemsViewController.swift; sourceTree = "<group>"; };
		E2AF910521C1DF4A002BCC8A /* ConfirmPickUpViewController.swift */ = {isa = PBXFileReference; lastKnownFileType = sourcecode.swift; path = ConfirmPickUpViewController.swift; sourceTree = "<group>"; };
		E2AF910821C2D936002BCC8A /* User.swift */ = {isa = PBXFileReference; lastKnownFileType = sourcecode.swift; path = User.swift; sourceTree = "<group>"; };
		E2C3DA7621BF875A0064648E /* SaveOurFood.app */ = {isa = PBXFileReference; explicitFileType = wrapper.application; includeInIndex = 0; path = SaveOurFood.app; sourceTree = BUILT_PRODUCTS_DIR; };
		E2C3DA7921BF875A0064648E /* AppDelegate.swift */ = {isa = PBXFileReference; lastKnownFileType = sourcecode.swift; path = AppDelegate.swift; sourceTree = "<group>"; };
		E2C3DA7B21BF875A0064648E /* ViewController.swift */ = {isa = PBXFileReference; lastKnownFileType = sourcecode.swift; path = ViewController.swift; sourceTree = "<group>"; };
		E2C3DA7E21BF875A0064648E /* Base */ = {isa = PBXFileReference; lastKnownFileType = file.storyboard; name = Base; path = Base.lproj/Main.storyboard; sourceTree = "<group>"; };
		E2C3DA8021BF875C0064648E /* Assets.xcassets */ = {isa = PBXFileReference; lastKnownFileType = folder.assetcatalog; path = Assets.xcassets; sourceTree = "<group>"; };
		E2C3DA8321BF875C0064648E /* Base */ = {isa = PBXFileReference; lastKnownFileType = file.storyboard; name = Base; path = Base.lproj/LaunchScreen.storyboard; sourceTree = "<group>"; };
		E2C3DA8521BF875C0064648E /* Info.plist */ = {isa = PBXFileReference; lastKnownFileType = text.plist.xml; path = Info.plist; sourceTree = "<group>"; };
		E2C3DA8A21BF875C0064648E /* SaveOurFoodTests.xctest */ = {isa = PBXFileReference; explicitFileType = wrapper.cfbundle; includeInIndex = 0; path = SaveOurFoodTests.xctest; sourceTree = BUILT_PRODUCTS_DIR; };
		E2C3DA8E21BF875C0064648E /* SaveOurFoodTests.swift */ = {isa = PBXFileReference; lastKnownFileType = sourcecode.swift; path = SaveOurFoodTests.swift; sourceTree = "<group>"; };
		E2C3DA9021BF875C0064648E /* Info.plist */ = {isa = PBXFileReference; lastKnownFileType = text.plist.xml; path = Info.plist; sourceTree = "<group>"; };
		E2C3DA9521BF875C0064648E /* SaveOurFoodUITests.xctest */ = {isa = PBXFileReference; explicitFileType = wrapper.cfbundle; includeInIndex = 0; path = SaveOurFoodUITests.xctest; sourceTree = BUILT_PRODUCTS_DIR; };
		E2C3DA9921BF875C0064648E /* SaveOurFoodUITests.swift */ = {isa = PBXFileReference; lastKnownFileType = sourcecode.swift; path = SaveOurFoodUITests.swift; sourceTree = "<group>"; };
		E2C3DA9B21BF875C0064648E /* Info.plist */ = {isa = PBXFileReference; lastKnownFileType = text.plist.xml; path = Info.plist; sourceTree = "<group>"; };
		E86D01E14B4C80A34FF8BF6E /* Pods-SaveOurFoodUITests.release.xcconfig */ = {isa = PBXFileReference; includeInIndex = 1; lastKnownFileType = text.xcconfig; name = "Pods-SaveOurFoodUITests.release.xcconfig"; path = "Pods/Target Support Files/Pods-SaveOurFoodUITests/Pods-SaveOurFoodUITests.release.xcconfig"; sourceTree = "<group>"; };
/* End PBXFileReference section */

/* Begin PBXFrameworksBuildPhase section */
		E2C3DA7321BF875A0064648E /* Frameworks */ = {
			isa = PBXFrameworksBuildPhase;
			buildActionMask = 2147483647;
			files = (
				D6C1FB7388EABA41C584A17C /* Pods_SaveOurFood.framework in Frameworks */,
			);
			runOnlyForDeploymentPostprocessing = 0;
		};
		E2C3DA8721BF875C0064648E /* Frameworks */ = {
			isa = PBXFrameworksBuildPhase;
			buildActionMask = 2147483647;
			files = (
				753F091C61D27A8A1CDAC4CA /* Pods_SaveOurFoodTests.framework in Frameworks */,
			);
			runOnlyForDeploymentPostprocessing = 0;
		};
		E2C3DA9221BF875C0064648E /* Frameworks */ = {
			isa = PBXFrameworksBuildPhase;
			buildActionMask = 2147483647;
			files = (
				7B1AD69E81AFB5D4090B582F /* Pods_SaveOurFoodUITests.framework in Frameworks */,
			);
			runOnlyForDeploymentPostprocessing = 0;
		};
/* End PBXFrameworksBuildPhase section */

/* Begin PBXGroup section */
		2B2592F3A118E0B6CF3826FD /* Frameworks */ = {
			isa = PBXGroup;
			children = (
				0BE9002B86A3318E4D14EF35 /* Pods_SaveOurFood.framework */,
				764DF9FE6FCB4A766AF7B777 /* Pods_SaveOurFoodTests.framework */,
				50F8F2FB67D96E32132A0783 /* Pods_SaveOurFoodUITests.framework */,
			);
			name = Frameworks;
			sourceTree = "<group>";
		};
		E24111FB21C3B171008E1108 /* Admin */ = {
			isa = PBXGroup;
			children = (
				E24111FC21C3B188008E1108 /* ManageAccountViewController.swift */,
			);
			path = Admin;
			sourceTree = "<group>";
		};
		E2AF90C121C0CCCE002BCC8A /* UserLogin */ = {
			isa = PBXGroup;
			children = (
				E2AF90C221C0CCF9002BCC8A /* UserLoginViewController.swift */,
			);
			path = UserLogin;
			sourceTree = "<group>";
		};
		E2AF90C421C0E386002BCC8A /* User */ = {
			isa = PBXGroup;
			children = (
				E2AF90C121C0CCCE002BCC8A /* UserLogin */,
				E2AF90C521C0E3A3002BCC8A /* UserControls */,
			);
			path = User;
			sourceTree = "<group>";
		};
		E2AF90C521C0E3A3002BCC8A /* UserControls */ = {
			isa = PBXGroup;
			children = (
				E2AF90E121C1885F002BCC8A /* UserPlaceRequest */,
				E2AF90CA21C0ED9C002BCC8A /* UserAnalyticsViewController.swift */,
				E2AF90CC21C178EF002BCC8A /* UserStatusViewController.swift */,
				E2AF90CE21C17941002BCC8A /* UserAccountsViewController.swift */,
			);
			path = UserControls;
			sourceTree = "<group>";
		};
		E2AF90D021C17CFF002BCC8A /* Icons */ = {
			isa = PBXGroup;
			children = (
				E24111F821C3B08F008E1108 /* food-medium.png */,
				E24111F721C3B08F008E1108 /* food-small.png */,
				E2AF910021C1D961002BCC8A /* pickup-medium.png */,
				E2AF90FF21C1D961002BCC8A /* pickup-small.png */,
				E2AF90FB21C1D955002BCC8A /* status-medium.png */,
				E2AF90FC21C1D955002BCC8A /* status-small.png */,
				E2AF90F721C1D94A002BCC8A /* analytics-medium.png */,
				E2AF90F821C1D94A002BCC8A /* analytics-small.png */,
				E2AF90F321C1D93B002BCC8A /* account-medium.png */,
				E2AF90F421C1D93B002BCC8A /* account-small.png */,
			);
			path = Icons;
			sourceTree = "<group>";
		};
		E2AF90E121C1885F002BCC8A /* UserPlaceRequest */ = {
			isa = PBXGroup;
			children = (
				E2AF90C821C0EA4F002BCC8A /* UserPlaceRequestViewController.swift */,
				E2AF910321C1DDA2002BCC8A /* SelectItemsViewController.swift */,
				E2AF910521C1DF4A002BCC8A /* ConfirmPickUpViewController.swift */,
				E24111EF21C36C07008E1108 /* TabBarViewController.swift */,
				E24111F121C36C32008E1108 /* NavigationViewController.swift */,
				E24111F521C39D20008E1108 /* RequestDetailsView.swift */,
			);
			path = UserPlaceRequest;
			sourceTree = "<group>";
		};
		E2AF90E221C1D239002BCC8A /* Model */ = {
			isa = PBXGroup;
			children = (
				E2AF90E321C1D26C002BCC8A /* FoodItems.swift */,
				E2AF910821C2D936002BCC8A /* User.swift */,
				E24111F321C3906D008E1108 /* FoodItemRequest.swift */,
			);
			path = Model;
			sourceTree = "<group>";
		};
		E2AF90E521C1D3B5002BCC8A /* Assets */ = {
			isa = PBXGroup;
			children = (
				E2AF90E621C1D3C2002BCC8A /* Images */,
				E2AF90D021C17CFF002BCC8A /* Icons */,
			);
			path = Assets;
			sourceTree = "<group>";
		};
		E2AF90E621C1D3C2002BCC8A /* Images */ = {
			isa = PBXGroup;
			children = (
				E2AF90E721C1D4A5002BCC8A /* cooked_meat.jpg */,
				E2AF90EB21C1D4A5002BCC8A /* cooked_poultry.jpg */,
				E2AF90EC21C1D4A5002BCC8A /* cooked_veggies.jpg */,
				E2AF90EA21C1D4A5002BCC8A /* raw_meat.jpeg */,
				E2AF90E921C1D4A5002BCC8A /* raw_poultry.jpeg */,
				E2AF90E821C1D4A5002BCC8A /* raw_veggies.jpg */,
			);
			path = Images;
			sourceTree = "<group>";
		};
		E2C3DA6D21BF875A0064648E = {
			isa = PBXGroup;
			children = (
				E2C3DA7821BF875A0064648E /* SaveOurFood */,
				E2C3DA8D21BF875C0064648E /* SaveOurFoodTests */,
				E2C3DA9821BF875C0064648E /* SaveOurFoodUITests */,
				E2C3DA7721BF875A0064648E /* Products */,
				E33AB04A94DD192A1FE9D3CA /* Pods */,
				2B2592F3A118E0B6CF3826FD /* Frameworks */,
			);
			sourceTree = "<group>";
		};
		E2C3DA7721BF875A0064648E /* Products */ = {
			isa = PBXGroup;
			children = (
				E2C3DA7621BF875A0064648E /* SaveOurFood.app */,
				E2C3DA8A21BF875C0064648E /* SaveOurFoodTests.xctest */,
				E2C3DA9521BF875C0064648E /* SaveOurFoodUITests.xctest */,
			);
			name = Products;
			sourceTree = "<group>";
		};
		E2C3DA7821BF875A0064648E /* SaveOurFood */ = {
			isa = PBXGroup;
			children = (
				E24111FB21C3B171008E1108 /* Admin */,
				E2AF90E521C1D3B5002BCC8A /* Assets */,
				E2AF90E221C1D239002BCC8A /* Model */,
				E2AF90C421C0E386002BCC8A /* User */,
				E2C3DA7921BF875A0064648E /* AppDelegate.swift */,
				E2C3DA7B21BF875A0064648E /* ViewController.swift */,
				E2C3DA7D21BF875A0064648E /* Main.storyboard */,
				E2C3DA8021BF875C0064648E /* Assets.xcassets */,
				E2C3DA8221BF875C0064648E /* LaunchScreen.storyboard */,
				E2C3DA8521BF875C0064648E /* Info.plist */,
			);
			path = SaveOurFood;
			sourceTree = "<group>";
		};
		E2C3DA8D21BF875C0064648E /* SaveOurFoodTests */ = {
			isa = PBXGroup;
			children = (
				E2C3DA8E21BF875C0064648E /* SaveOurFoodTests.swift */,
				E2C3DA9021BF875C0064648E /* Info.plist */,
			);
			path = SaveOurFoodTests;
			sourceTree = "<group>";
		};
		E2C3DA9821BF875C0064648E /* SaveOurFoodUITests */ = {
			isa = PBXGroup;
			children = (
				E2C3DA9921BF875C0064648E /* SaveOurFoodUITests.swift */,
				E2C3DA9B21BF875C0064648E /* Info.plist */,
			);
			path = SaveOurFoodUITests;
			sourceTree = "<group>";
		};
		E33AB04A94DD192A1FE9D3CA /* Pods */ = {
			isa = PBXGroup;
			children = (
				5B4FB7D61E3AFA63E57CCEF1 /* Pods-SaveOurFood.debug.xcconfig */,
				416706923F3BA4BD0BCCC97B /* Pods-SaveOurFood.release.xcconfig */,
				C79904DDA12A7D28785A14FA /* Pods-SaveOurFoodTests.debug.xcconfig */,
				8BC4CC429D95A7F7F484CD55 /* Pods-SaveOurFoodTests.release.xcconfig */,
				577FB8A71F7D252B27DAB7B3 /* Pods-SaveOurFoodUITests.debug.xcconfig */,
				E86D01E14B4C80A34FF8BF6E /* Pods-SaveOurFoodUITests.release.xcconfig */,
			);
			name = Pods;
			sourceTree = "<group>";
		};
/* End PBXGroup section */

/* Begin PBXNativeTarget section */
		E2C3DA7521BF875A0064648E /* SaveOurFood */ = {
			isa = PBXNativeTarget;
			buildConfigurationList = E2C3DA9E21BF875C0064648E /* Build configuration list for PBXNativeTarget "SaveOurFood" */;
			buildPhases = (
				F2E533652C0A48E9148E6E27 /* [CP] Check Pods Manifest.lock */,
				E2C3DA7221BF875A0064648E /* Sources */,
				E2C3DA7321BF875A0064648E /* Frameworks */,
				E2C3DA7421BF875A0064648E /* Resources */,
				B1D1BCAE5016145F3989CEB3 /* [CP] Embed Pods Frameworks */,
				7594A5A3E53583F1A8EEA289 /* [CP] Copy Pods Resources */,
			);
			buildRules = (
			);
			dependencies = (
			);
			name = SaveOurFood;
			productName = SaveOurFood;
			productReference = E2C3DA7621BF875A0064648E /* SaveOurFood.app */;
			productType = "com.apple.product-type.application";
		};
		E2C3DA8921BF875C0064648E /* SaveOurFoodTests */ = {
			isa = PBXNativeTarget;
			buildConfigurationList = E2C3DAA121BF875C0064648E /* Build configuration list for PBXNativeTarget "SaveOurFoodTests" */;
			buildPhases = (
				F8FBA716A7112FCF9E622FFF /* [CP] Check Pods Manifest.lock */,
				E2C3DA8621BF875C0064648E /* Sources */,
				E2C3DA8721BF875C0064648E /* Frameworks */,
				E2C3DA8821BF875C0064648E /* Resources */,
			);
			buildRules = (
			);
			dependencies = (
				E2C3DA8C21BF875C0064648E /* PBXTargetDependency */,
			);
			name = SaveOurFoodTests;
			productName = SaveOurFoodTests;
			productReference = E2C3DA8A21BF875C0064648E /* SaveOurFoodTests.xctest */;
			productType = "com.apple.product-type.bundle.unit-test";
		};
		E2C3DA9421BF875C0064648E /* SaveOurFoodUITests */ = {
			isa = PBXNativeTarget;
			buildConfigurationList = E2C3DAA421BF875C0064648E /* Build configuration list for PBXNativeTarget "SaveOurFoodUITests" */;
			buildPhases = (
				86AC9D6C84F6D6F78BEE15ED /* [CP] Check Pods Manifest.lock */,
				E2C3DA9121BF875C0064648E /* Sources */,
				E2C3DA9221BF875C0064648E /* Frameworks */,
				E2C3DA9321BF875C0064648E /* Resources */,
			);
			buildRules = (
			);
			dependencies = (
				E2C3DA9721BF875C0064648E /* PBXTargetDependency */,
			);
			name = SaveOurFoodUITests;
			productName = SaveOurFoodUITests;
			productReference = E2C3DA9521BF875C0064648E /* SaveOurFoodUITests.xctest */;
			productType = "com.apple.product-type.bundle.ui-testing";
		};
/* End PBXNativeTarget section */

/* Begin PBXProject section */
		E2C3DA6E21BF875A0064648E /* Project object */ = {
			isa = PBXProject;
			attributes = {
				LastSwiftUpdateCheck = 1010;
				LastUpgradeCheck = 1010;
				ORGANIZATIONNAME = "Shreyas Kalyanaraman";
				TargetAttributes = {
					E2C3DA7521BF875A0064648E = {
						CreatedOnToolsVersion = 10.1;
					};
					E2C3DA8921BF875C0064648E = {
						CreatedOnToolsVersion = 10.1;
						TestTargetID = E2C3DA7521BF875A0064648E;
					};
					E2C3DA9421BF875C0064648E = {
						CreatedOnToolsVersion = 10.1;
						TestTargetID = E2C3DA7521BF875A0064648E;
					};
				};
			};
			buildConfigurationList = E2C3DA7121BF875A0064648E /* Build configuration list for PBXProject "SaveOurFood" */;
			compatibilityVersion = "Xcode 9.3";
			developmentRegion = en;
			hasScannedForEncodings = 0;
			knownRegions = (
				en,
				Base,
			);
			mainGroup = E2C3DA6D21BF875A0064648E;
			productRefGroup = E2C3DA7721BF875A0064648E /* Products */;
			projectDirPath = "";
			projectRoot = "";
			targets = (
				E2C3DA7521BF875A0064648E /* SaveOurFood */,
				E2C3DA8921BF875C0064648E /* SaveOurFoodTests */,
				E2C3DA9421BF875C0064648E /* SaveOurFoodUITests */,
			);
		};
/* End PBXProject section */

/* Begin PBXResourcesBuildPhase section */
		E2C3DA7421BF875A0064648E /* Resources */ = {
			isa = PBXResourcesBuildPhase;
			buildActionMask = 2147483647;
			files = (
				E24111FA21C3B091008E1108 /* food-medium.png in Resources */,
				E2AF90F021C1D4A5002BCC8A /* raw_meat.jpeg in Resources */,
				E2C3DA8421BF875C0064648E /* LaunchScreen.storyboard in Resources */,
				E2AF90EE21C1D4A5002BCC8A /* raw_veggies.jpg in Resources */,
				E24111F921C3B091008E1108 /* food-small.png in Resources */,
				E2AF90F221C1D4A5002BCC8A /* cooked_veggies.jpg in Resources */,
				E2AF910121C1D961002BCC8A /* pickup-small.png in Resources */,
				E2AF910221C1D961002BCC8A /* pickup-medium.png in Resources */,
				E2AF90F521C1D93C002BCC8A /* account-medium.png in Resources */,
				E2C3DA8121BF875C0064648E /* Assets.xcassets in Resources */,
				E2AF90F621C1D93C002BCC8A /* account-small.png in Resources */,
				E2C3DA7F21BF875A0064648E /* Main.storyboard in Resources */,
				E2AF90ED21C1D4A5002BCC8A /* cooked_meat.jpg in Resources */,
				E2AF90FA21C1D94A002BCC8A /* analytics-small.png in Resources */,
				E2AF90EF21C1D4A5002BCC8A /* raw_poultry.jpeg in Resources */,
				E2AF90FD21C1D955002BCC8A /* status-medium.png in Resources */,
				E2AF90FE21C1D955002BCC8A /* status-small.png in Resources */,
				E2AF90F121C1D4A5002BCC8A /* cooked_poultry.jpg in Resources */,
				E2AF90F921C1D94A002BCC8A /* analytics-medium.png in Resources */,
			);
			runOnlyForDeploymentPostprocessing = 0;
		};
		E2C3DA8821BF875C0064648E /* Resources */ = {
			isa = PBXResourcesBuildPhase;
			buildActionMask = 2147483647;
			files = (
			);
			runOnlyForDeploymentPostprocessing = 0;
		};
		E2C3DA9321BF875C0064648E /* Resources */ = {
			isa = PBXResourcesBuildPhase;
			buildActionMask = 2147483647;
			files = (
			);
			runOnlyForDeploymentPostprocessing = 0;
		};
/* End PBXResourcesBuildPhase section */

/* Begin PBXShellScriptBuildPhase section */
		7594A5A3E53583F1A8EEA289 /* [CP] Copy Pods Resources */ = {
			isa = PBXShellScriptBuildPhase;
			buildActionMask = 2147483647;
			files = (
			);
			inputFileListPaths = (
			);
			inputPaths = (
				"${SRCROOT}/Pods/Target Support Files/Pods-SaveOurFood/Pods-SaveOurFood-resources.sh",
				"${PODS_ROOT}/GoogleSignIn/Resources/GoogleSignIn.bundle",
			);
			name = "[CP] Copy Pods Resources";
			outputFileListPaths = (
			);
			outputPaths = (
				"${TARGET_BUILD_DIR}/${UNLOCALIZED_RESOURCES_FOLDER_PATH}/GoogleSignIn.bundle",
			);
			runOnlyForDeploymentPostprocessing = 0;
			shellPath = /bin/sh;
			shellScript = "\"${SRCROOT}/Pods/Target Support Files/Pods-SaveOurFood/Pods-SaveOurFood-resources.sh\"\n";
			showEnvVarsInLog = 0;
		};
		86AC9D6C84F6D6F78BEE15ED /* [CP] Check Pods Manifest.lock */ = {
			isa = PBXShellScriptBuildPhase;
			buildActionMask = 2147483647;
			files = (
			);
			inputFileListPaths = (
			);
			inputPaths = (
				"${PODS_PODFILE_DIR_PATH}/Podfile.lock",
				"${PODS_ROOT}/Manifest.lock",
			);
			name = "[CP] Check Pods Manifest.lock";
			outputFileListPaths = (
			);
			outputPaths = (
				"$(DERIVED_FILE_DIR)/Pods-SaveOurFoodUITests-checkManifestLockResult.txt",
			);
			runOnlyForDeploymentPostprocessing = 0;
			shellPath = /bin/sh;
			shellScript = "diff \"${PODS_PODFILE_DIR_PATH}/Podfile.lock\" \"${PODS_ROOT}/Manifest.lock\" > /dev/null\nif [ $? != 0 ] ; then\n    # print error to STDERR\n    echo \"error: The sandbox is not in sync with the Podfile.lock. Run 'pod install' or update your CocoaPods installation.\" >&2\n    exit 1\nfi\n# This output is used by Xcode 'outputs' to avoid re-running this script phase.\necho \"SUCCESS\" > \"${SCRIPT_OUTPUT_FILE_0}\"\n";
			showEnvVarsInLog = 0;
		};
		B1D1BCAE5016145F3989CEB3 /* [CP] Embed Pods Frameworks */ = {
			isa = PBXShellScriptBuildPhase;
			buildActionMask = 2147483647;
			files = (
			);
			inputFileListPaths = (
			);
			inputPaths = (
				"${SRCROOT}/Pods/Target Support Files/Pods-SaveOurFood/Pods-SaveOurFood-frameworks.sh",
				"${BUILT_PRODUCTS_DIR}/GTMSessionFetcher/GTMSessionFetcher.framework",
				"${BUILT_PRODUCTS_DIR}/GoogleToolboxForMac/GoogleToolboxForMac.framework",
				"${BUILT_PRODUCTS_DIR}/GoogleUtilities/GoogleUtilities.framework",
				"${BUILT_PRODUCTS_DIR}/leveldb-library/leveldb.framework",
				"${BUILT_PRODUCTS_DIR}/nanopb/nanopb.framework",
			);
			name = "[CP] Embed Pods Frameworks";
			outputFileListPaths = (
			);
			outputPaths = (
				"${TARGET_BUILD_DIR}/${FRAMEWORKS_FOLDER_PATH}/GTMSessionFetcher.framework",
				"${TARGET_BUILD_DIR}/${FRAMEWORKS_FOLDER_PATH}/GoogleToolboxForMac.framework",
				"${TARGET_BUILD_DIR}/${FRAMEWORKS_FOLDER_PATH}/GoogleUtilities.framework",
				"${TARGET_BUILD_DIR}/${FRAMEWORKS_FOLDER_PATH}/leveldb.framework",
				"${TARGET_BUILD_DIR}/${FRAMEWORKS_FOLDER_PATH}/nanopb.framework",
			);
			runOnlyForDeploymentPostprocessing = 0;
			shellPath = /bin/sh;
			shellScript = "\"${SRCROOT}/Pods/Target Support Files/Pods-SaveOurFood/Pods-SaveOurFood-frameworks.sh\"\n";
			showEnvVarsInLog = 0;
		};
		F2E533652C0A48E9148E6E27 /* [CP] Check Pods Manifest.lock */ = {
			isa = PBXShellScriptBuildPhase;
			buildActionMask = 2147483647;
			files = (
			);
			inputFileListPaths = (
			);
			inputPaths = (
				"${PODS_PODFILE_DIR_PATH}/Podfile.lock",
				"${PODS_ROOT}/Manifest.lock",
			);
			name = "[CP] Check Pods Manifest.lock";
			outputFileListPaths = (
			);
			outputPaths = (
				"$(DERIVED_FILE_DIR)/Pods-SaveOurFood-checkManifestLockResult.txt",
			);
			runOnlyForDeploymentPostprocessing = 0;
			shellPath = /bin/sh;
			shellScript = "diff \"${PODS_PODFILE_DIR_PATH}/Podfile.lock\" \"${PODS_ROOT}/Manifest.lock\" > /dev/null\nif [ $? != 0 ] ; then\n    # print error to STDERR\n    echo \"error: The sandbox is not in sync with the Podfile.lock. Run 'pod install' or update your CocoaPods installation.\" >&2\n    exit 1\nfi\n# This output is used by Xcode 'outputs' to avoid re-running this script phase.\necho \"SUCCESS\" > \"${SCRIPT_OUTPUT_FILE_0}\"\n";
			showEnvVarsInLog = 0;
		};
		F8FBA716A7112FCF9E622FFF /* [CP] Check Pods Manifest.lock */ = {
			isa = PBXShellScriptBuildPhase;
			buildActionMask = 2147483647;
			files = (
			);
			inputFileListPaths = (
			);
			inputPaths = (
				"${PODS_PODFILE_DIR_PATH}/Podfile.lock",
				"${PODS_ROOT}/Manifest.lock",
			);
			name = "[CP] Check Pods Manifest.lock";
			outputFileListPaths = (
			);
			outputPaths = (
				"$(DERIVED_FILE_DIR)/Pods-SaveOurFoodTests-checkManifestLockResult.txt",
			);
			runOnlyForDeploymentPostprocessing = 0;
			shellPath = /bin/sh;
			shellScript = "diff \"${PODS_PODFILE_DIR_PATH}/Podfile.lock\" \"${PODS_ROOT}/Manifest.lock\" > /dev/null\nif [ $? != 0 ] ; then\n    # print error to STDERR\n    echo \"error: The sandbox is not in sync with the Podfile.lock. Run 'pod install' or update your CocoaPods installation.\" >&2\n    exit 1\nfi\n# This output is used by Xcode 'outputs' to avoid re-running this script phase.\necho \"SUCCESS\" > \"${SCRIPT_OUTPUT_FILE_0}\"\n";
			showEnvVarsInLog = 0;
		};
/* End PBXShellScriptBuildPhase section */

/* Begin PBXSourcesBuildPhase section */
		E2C3DA7221BF875A0064648E /* Sources */ = {
			isa = PBXSourcesBuildPhase;
			buildActionMask = 2147483647;
			files = (
				E24111F621C39D20008E1108 /* RequestDetailsView.swift in Sources */,
				E2AF90C321C0CCF9002BCC8A /* UserLoginViewController.swift in Sources */,
				E24111F221C36C32008E1108 /* NavigationViewController.swift in Sources */,
				E24111FD21C3B188008E1108 /* ManageAccountViewController.swift in Sources */,
				E2C3DA7C21BF875A0064648E /* ViewController.swift in Sources */,
				E2AF90CB21C0ED9C002BCC8A /* UserAnalyticsViewController.swift in Sources */,
				E2AF90C921C0EA4F002BCC8A /* UserPlaceRequestViewController.swift in Sources */,
				E24111F021C36C07008E1108 /* TabBarViewController.swift in Sources */,
				E24111F421C3906D008E1108 /* FoodItemRequest.swift in Sources */,
				E2AF90E421C1D26C002BCC8A /* FoodItems.swift in Sources */,
				E2AF90CD21C178EF002BCC8A /* UserStatusViewController.swift in Sources */,
				E2AF90CF21C17941002BCC8A /* UserAccountsViewController.swift in Sources */,
				E2AF910621C1DF4A002BCC8A /* ConfirmPickUpViewController.swift in Sources */,
				E2C3DA7A21BF875A0064648E /* AppDelegate.swift in Sources */,
				E2AF910421C1DDA2002BCC8A /* SelectItemsViewController.swift in Sources */,
				E2AF910921C2D936002BCC8A /* User.swift in Sources */,
			);
			runOnlyForDeploymentPostprocessing = 0;
		};
		E2C3DA8621BF875C0064648E /* Sources */ = {
			isa = PBXSourcesBuildPhase;
			buildActionMask = 2147483647;
			files = (
				E2C3DA8F21BF875C0064648E /* SaveOurFoodTests.swift in Sources */,
			);
			runOnlyForDeploymentPostprocessing = 0;
		};
		E2C3DA9121BF875C0064648E /* Sources */ = {
			isa = PBXSourcesBuildPhase;
			buildActionMask = 2147483647;
			files = (
				E2C3DA9A21BF875C0064648E /* SaveOurFoodUITests.swift in Sources */,
			);
			runOnlyForDeploymentPostprocessing = 0;
		};
/* End PBXSourcesBuildPhase section */

/* Begin PBXTargetDependency section */
		E2C3DA8C21BF875C0064648E /* PBXTargetDependency */ = {
			isa = PBXTargetDependency;
			target = E2C3DA7521BF875A0064648E /* SaveOurFood */;
			targetProxy = E2C3DA8B21BF875C0064648E /* PBXContainerItemProxy */;
		};
		E2C3DA9721BF875C0064648E /* PBXTargetDependency */ = {
			isa = PBXTargetDependency;
			target = E2C3DA7521BF875A0064648E /* SaveOurFood */;
			targetProxy = E2C3DA9621BF875C0064648E /* PBXContainerItemProxy */;
		};
/* End PBXTargetDependency section */

/* Begin PBXVariantGroup section */
		E2C3DA7D21BF875A0064648E /* Main.storyboard */ = {
			isa = PBXVariantGroup;
			children = (
				E2C3DA7E21BF875A0064648E /* Base */,
			);
			name = Main.storyboard;
			sourceTree = "<group>";
		};
		E2C3DA8221BF875C0064648E /* LaunchScreen.storyboard */ = {
			isa = PBXVariantGroup;
			children = (
				E2C3DA8321BF875C0064648E /* Base */,
			);
			name = LaunchScreen.storyboard;
			sourceTree = "<group>";
		};
/* End PBXVariantGroup section */

/* Begin XCBuildConfiguration section */
		E2C3DA9C21BF875C0064648E /* Debug */ = {
			isa = XCBuildConfiguration;
			buildSettings = {
				ALWAYS_SEARCH_USER_PATHS = NO;
				CLANG_ANALYZER_NONNULL = YES;
				CLANG_ANALYZER_NUMBER_OBJECT_CONVERSION = YES_AGGRESSIVE;
				CLANG_CXX_LANGUAGE_STANDARD = "gnu++14";
				CLANG_CXX_LIBRARY = "libc++";
				CLANG_ENABLE_MODULES = YES;
				CLANG_ENABLE_OBJC_ARC = YES;
				CLANG_ENABLE_OBJC_WEAK = YES;
				CLANG_WARN_BLOCK_CAPTURE_AUTORELEASING = YES;
				CLANG_WARN_BOOL_CONVERSION = YES;
				CLANG_WARN_COMMA = YES;
				CLANG_WARN_CONSTANT_CONVERSION = YES;
				CLANG_WARN_DEPRECATED_OBJC_IMPLEMENTATIONS = YES;
				CLANG_WARN_DIRECT_OBJC_ISA_USAGE = YES_ERROR;
				CLANG_WARN_DOCUMENTATION_COMMENTS = YES;
				CLANG_WARN_EMPTY_BODY = YES;
				CLANG_WARN_ENUM_CONVERSION = YES;
				CLANG_WARN_INFINITE_RECURSION = YES;
				CLANG_WARN_INT_CONVERSION = YES;
				CLANG_WARN_NON_LITERAL_NULL_CONVERSION = YES;
				CLANG_WARN_OBJC_IMPLICIT_RETAIN_SELF = YES;
				CLANG_WARN_OBJC_LITERAL_CONVERSION = YES;
				CLANG_WARN_OBJC_ROOT_CLASS = YES_ERROR;
				CLANG_WARN_RANGE_LOOP_ANALYSIS = YES;
				CLANG_WARN_STRICT_PROTOTYPES = YES;
				CLANG_WARN_SUSPICIOUS_MOVE = YES;
				CLANG_WARN_UNGUARDED_AVAILABILITY = YES_AGGRESSIVE;
				CLANG_WARN_UNREACHABLE_CODE = YES;
				CLANG_WARN__DUPLICATE_METHOD_MATCH = YES;
				CODE_SIGN_IDENTITY = "iPhone Developer";
				COPY_PHASE_STRIP = NO;
				DEBUG_INFORMATION_FORMAT = dwarf;
				ENABLE_STRICT_OBJC_MSGSEND = YES;
				ENABLE_TESTABILITY = YES;
				GCC_C_LANGUAGE_STANDARD = gnu11;
				GCC_DYNAMIC_NO_PIC = NO;
				GCC_NO_COMMON_BLOCKS = YES;
				GCC_OPTIMIZATION_LEVEL = 0;
				GCC_PREPROCESSOR_DEFINITIONS = (
					"DEBUG=1",
					"$(inherited)",
				);
				GCC_WARN_64_TO_32_BIT_CONVERSION = YES;
				GCC_WARN_ABOUT_RETURN_TYPE = YES_ERROR;
				GCC_WARN_UNDECLARED_SELECTOR = YES;
				GCC_WARN_UNINITIALIZED_AUTOS = YES_AGGRESSIVE;
				GCC_WARN_UNUSED_FUNCTION = YES;
				GCC_WARN_UNUSED_VARIABLE = YES;
				IPHONEOS_DEPLOYMENT_TARGET = 12.1;
				MTL_ENABLE_DEBUG_INFO = INCLUDE_SOURCE;
				MTL_FAST_MATH = YES;
				ONLY_ACTIVE_ARCH = YES;
				SDKROOT = iphoneos;
				SWIFT_ACTIVE_COMPILATION_CONDITIONS = DEBUG;
				SWIFT_OPTIMIZATION_LEVEL = "-Onone";
			};
			name = Debug;
		};
		E2C3DA9D21BF875C0064648E /* Release */ = {
			isa = XCBuildConfiguration;
			buildSettings = {
				ALWAYS_SEARCH_USER_PATHS = NO;
				CLANG_ANALYZER_NONNULL = YES;
				CLANG_ANALYZER_NUMBER_OBJECT_CONVERSION = YES_AGGRESSIVE;
				CLANG_CXX_LANGUAGE_STANDARD = "gnu++14";
				CLANG_CXX_LIBRARY = "libc++";
				CLANG_ENABLE_MODULES = YES;
				CLANG_ENABLE_OBJC_ARC = YES;
				CLANG_ENABLE_OBJC_WEAK = YES;
				CLANG_WARN_BLOCK_CAPTURE_AUTORELEASING = YES;
				CLANG_WARN_BOOL_CONVERSION = YES;
				CLANG_WARN_COMMA = YES;
				CLANG_WARN_CONSTANT_CONVERSION = YES;
				CLANG_WARN_DEPRECATED_OBJC_IMPLEMENTATIONS = YES;
				CLANG_WARN_DIRECT_OBJC_ISA_USAGE = YES_ERROR;
				CLANG_WARN_DOCUMENTATION_COMMENTS = YES;
				CLANG_WARN_EMPTY_BODY = YES;
				CLANG_WARN_ENUM_CONVERSION = YES;
				CLANG_WARN_INFINITE_RECURSION = YES;
				CLANG_WARN_INT_CONVERSION = YES;
				CLANG_WARN_NON_LITERAL_NULL_CONVERSION = YES;
				CLANG_WARN_OBJC_IMPLICIT_RETAIN_SELF = YES;
				CLANG_WARN_OBJC_LITERAL_CONVERSION = YES;
				CLANG_WARN_OBJC_ROOT_CLASS = YES_ERROR;
				CLANG_WARN_RANGE_LOOP_ANALYSIS = YES;
				CLANG_WARN_STRICT_PROTOTYPES = YES;
				CLANG_WARN_SUSPICIOUS_MOVE = YES;
				CLANG_WARN_UNGUARDED_AVAILABILITY = YES_AGGRESSIVE;
				CLANG_WARN_UNREACHABLE_CODE = YES;
				CLANG_WARN__DUPLICATE_METHOD_MATCH = YES;
				CODE_SIGN_IDENTITY = "iPhone Developer";
				COPY_PHASE_STRIP = NO;
				DEBUG_INFORMATION_FORMAT = "dwarf-with-dsym";
				ENABLE_NS_ASSERTIONS = NO;
				ENABLE_STRICT_OBJC_MSGSEND = YES;
				GCC_C_LANGUAGE_STANDARD = gnu11;
				GCC_NO_COMMON_BLOCKS = YES;
				GCC_WARN_64_TO_32_BIT_CONVERSION = YES;
				GCC_WARN_ABOUT_RETURN_TYPE = YES_ERROR;
				GCC_WARN_UNDECLARED_SELECTOR = YES;
				GCC_WARN_UNINITIALIZED_AUTOS = YES_AGGRESSIVE;
				GCC_WARN_UNUSED_FUNCTION = YES;
				GCC_WARN_UNUSED_VARIABLE = YES;
				IPHONEOS_DEPLOYMENT_TARGET = 12.1;
				MTL_ENABLE_DEBUG_INFO = NO;
				MTL_FAST_MATH = YES;
				SDKROOT = iphoneos;
				SWIFT_COMPILATION_MODE = wholemodule;
				SWIFT_OPTIMIZATION_LEVEL = "-O";
				VALIDATE_PRODUCT = YES;
			};
			name = Release;
		};
		E2C3DA9F21BF875C0064648E /* Debug */ = {
			isa = XCBuildConfiguration;
			baseConfigurationReference = 5B4FB7D61E3AFA63E57CCEF1 /* Pods-SaveOurFood.debug.xcconfig */;
			buildSettings = {
				ASSETCATALOG_COMPILER_APPICON_NAME = AppIcon;
				CODE_SIGN_STYLE = Automatic;
				DEVELOPMENT_TEAM = 7P6MZ66P2R;
				FRAMEWORK_SEARCH_PATHS = (
					"$(inherited)",
					"\"${PODS_CONFIGURATION_BUILD_DIR}/FirebaseCore\"/**",
					"\"${PODS_CONFIGURATION_BUILD_DIR}/GTMSessionFetcher\"",
					"\"${PODS_CONFIGURATION_BUILD_DIR}/GoogleToolboxForMac\"",
					"\"${PODS_CONFIGURATION_BUILD_DIR}/GoogleUtilities\"",
					"\"${PODS_CONFIGURATION_BUILD_DIR}/nanopb\"",
					"\"${PODS_ROOT}/FirebaseAnalytics/Frameworks\"/**",
					"\"${PODS_ROOT}/FirebaseInstanceID/Frameworks\"",
					"\"${PODS_ROOT}/GoogleAppMeasurement/Frameworks\"",
					"\"${PODS_ROOT}/GoogleSignIn/Frameworks\"",
				);
				INFOPLIST_FILE = SaveOurFood/Info.plist;
				LD_RUNPATH_SEARCH_PATHS = (
					"$(inherited)",
					"@executable_path/Frameworks",
				);
				OTHER_LDFLAGS = (
					"$(inherited)",
					"-ObjC",
				);
				PRODUCT_BUNDLE_IDENTIFIER = com.final.SaveOurFood;
				PRODUCT_NAME = "$(TARGET_NAME)";
				SWIFT_VERSION = 4.2;
				TARGETED_DEVICE_FAMILY = "1,2";
			};
			name = Debug;
		};
		E2C3DAA021BF875C0064648E /* Release */ = {
			isa = XCBuildConfiguration;
			baseConfigurationReference = 416706923F3BA4BD0BCCC97B /* Pods-SaveOurFood.release.xcconfig */;
			buildSettings = {
				ASSETCATALOG_COMPILER_APPICON_NAME = AppIcon;
				CODE_SIGN_STYLE = Automatic;
				DEVELOPMENT_TEAM = 7P6MZ66P2R;
				FRAMEWORK_SEARCH_PATHS = (
					"$(inherited)",
					"\"${PODS_CONFIGURATION_BUILD_DIR}/FirebaseCore\"/**",
					"\"${PODS_CONFIGURATION_BUILD_DIR}/GTMSessionFetcher\"",
					"\"${PODS_CONFIGURATION_BUILD_DIR}/GoogleToolboxForMac\"",
					"\"${PODS_CONFIGURATION_BUILD_DIR}/GoogleUtilities\"",
					"\"${PODS_CONFIGURATION_BUILD_DIR}/nanopb\"",
					"\"${PODS_ROOT}/FirebaseAnalytics/Frameworks\"/**",
					"\"${PODS_ROOT}/FirebaseInstanceID/Frameworks\"",
					"\"${PODS_ROOT}/GoogleAppMeasurement/Frameworks\"",
					"\"${PODS_ROOT}/GoogleSignIn/Frameworks\"",
				);
				INFOPLIST_FILE = SaveOurFood/Info.plist;
				LD_RUNPATH_SEARCH_PATHS = (
					"$(inherited)",
					"@executable_path/Frameworks",
				);
				OTHER_LDFLAGS = (
					"$(inherited)",
					"-ObjC",
				);
				PRODUCT_BUNDLE_IDENTIFIER = com.final.SaveOurFood;
				PRODUCT_NAME = "$(TARGET_NAME)";
				SWIFT_VERSION = 4.2;
				TARGETED_DEVICE_FAMILY = "1,2";
			};
			name = Release;
		};
		E2C3DAA221BF875C0064648E /* Debug */ = {
			isa = XCBuildConfiguration;
			baseConfigurationReference = C79904DDA12A7D28785A14FA /* Pods-SaveOurFoodTests.debug.xcconfig */;
			buildSettings = {
				ALWAYS_EMBED_SWIFT_STANDARD_LIBRARIES = YES;
				BUNDLE_LOADER = "$(TEST_HOST)";
				CODE_SIGN_STYLE = Automatic;
				INFOPLIST_FILE = SaveOurFoodTests/Info.plist;
				LD_RUNPATH_SEARCH_PATHS = (
					"$(inherited)",
					"@executable_path/Frameworks",
					"@loader_path/Frameworks",
				);
				PRODUCT_BUNDLE_IDENTIFIER = com.final.SaveOurFoodTests;
				PRODUCT_NAME = "$(TARGET_NAME)";
				SWIFT_VERSION = 4.2;
				TARGETED_DEVICE_FAMILY = "1,2";
				TEST_HOST = "$(BUILT_PRODUCTS_DIR)/SaveOurFood.app/SaveOurFood";
			};
			name = Debug;
		};
		E2C3DAA321BF875C0064648E /* Release */ = {
			isa = XCBuildConfiguration;
			baseConfigurationReference = 8BC4CC429D95A7F7F484CD55 /* Pods-SaveOurFoodTests.release.xcconfig */;
			buildSettings = {
				ALWAYS_EMBED_SWIFT_STANDARD_LIBRARIES = YES;
				BUNDLE_LOADER = "$(TEST_HOST)";
				CODE_SIGN_STYLE = Automatic;
				INFOPLIST_FILE = SaveOurFoodTests/Info.plist;
				LD_RUNPATH_SEARCH_PATHS = (
					"$(inherited)",
					"@executable_path/Frameworks",
					"@loader_path/Frameworks",
				);
				PRODUCT_BUNDLE_IDENTIFIER = com.final.SaveOurFoodTests;
				PRODUCT_NAME = "$(TARGET_NAME)";
				SWIFT_VERSION = 4.2;
				TARGETED_DEVICE_FAMILY = "1,2";
				TEST_HOST = "$(BUILT_PRODUCTS_DIR)/SaveOurFood.app/SaveOurFood";
			};
			name = Release;
		};
		E2C3DAA521BF875C0064648E /* Debug */ = {
			isa = XCBuildConfiguration;
			baseConfigurationReference = 577FB8A71F7D252B27DAB7B3 /* Pods-SaveOurFoodUITests.debug.xcconfig */;
			buildSettings = {
				ALWAYS_EMBED_SWIFT_STANDARD_LIBRARIES = YES;
				CODE_SIGN_STYLE = Automatic;
				INFOPLIST_FILE = SaveOurFoodUITests/Info.plist;
				LD_RUNPATH_SEARCH_PATHS = (
					"$(inherited)",
					"@executable_path/Frameworks",
					"@loader_path/Frameworks",
				);
				PRODUCT_BUNDLE_IDENTIFIER = com.final.SaveOurFoodUITests;
				PRODUCT_NAME = "$(TARGET_NAME)";
				SWIFT_VERSION = 4.2;
				TARGETED_DEVICE_FAMILY = "1,2";
				TEST_TARGET_NAME = SaveOurFood;
			};
			name = Debug;
		};
		E2C3DAA621BF875C0064648E /* Release */ = {
			isa = XCBuildConfiguration;
			baseConfigurationReference = E86D01E14B4C80A34FF8BF6E /* Pods-SaveOurFoodUITests.release.xcconfig */;
			buildSettings = {
				ALWAYS_EMBED_SWIFT_STANDARD_LIBRARIES = YES;
				CODE_SIGN_STYLE = Automatic;
				INFOPLIST_FILE = SaveOurFoodUITests/Info.plist;
				LD_RUNPATH_SEARCH_PATHS = (
					"$(inherited)",
					"@executable_path/Frameworks",
					"@loader_path/Frameworks",
				);
				PRODUCT_BUNDLE_IDENTIFIER = com.final.SaveOurFoodUITests;
				PRODUCT_NAME = "$(TARGET_NAME)";
				SWIFT_VERSION = 4.2;
				TARGETED_DEVICE_FAMILY = "1,2";
				TEST_TARGET_NAME = SaveOurFood;
			};
			name = Release;
		};
/* End XCBuildConfiguration section */

/* Begin XCConfigurationList section */
		E2C3DA7121BF875A0064648E /* Build configuration list for PBXProject "SaveOurFood" */ = {
			isa = XCConfigurationList;
			buildConfigurations = (
				E2C3DA9C21BF875C0064648E /* Debug */,
				E2C3DA9D21BF875C0064648E /* Release */,
			);
			defaultConfigurationIsVisible = 0;
			defaultConfigurationName = Release;
		};
		E2C3DA9E21BF875C0064648E /* Build configuration list for PBXNativeTarget "SaveOurFood" */ = {
			isa = XCConfigurationList;
			buildConfigurations = (
				E2C3DA9F21BF875C0064648E /* Debug */,
				E2C3DAA021BF875C0064648E /* Release */,
			);
			defaultConfigurationIsVisible = 0;
			defaultConfigurationName = Release;
		};
		E2C3DAA121BF875C0064648E /* Build configuration list for PBXNativeTarget "SaveOurFoodTests" */ = {
			isa = XCConfigurationList;
			buildConfigurations = (
				E2C3DAA221BF875C0064648E /* Debug */,
				E2C3DAA321BF875C0064648E /* Release */,
			);
			defaultConfigurationIsVisible = 0;
			defaultConfigurationName = Release;
		};
		E2C3DAA421BF875C0064648E /* Build configuration list for PBXNativeTarget "SaveOurFoodUITests" */ = {
			isa = XCConfigurationList;
			buildConfigurations = (
				E2C3DAA521BF875C0064648E /* Debug */,
				E2C3DAA621BF875C0064648E /* Release */,
			);
			defaultConfigurationIsVisible = 0;
			defaultConfigurationName = Release;
		};
/* End XCConfigurationList section */
	};
	rootObject = E2C3DA6E21BF875A0064648E /* Project object */;
}
